
Microsoft Visual Studio Solution File, Format Version 12.00
# Visual Studio Version 17
VisualStudioVersion = 17.12.35527.113 d17.12
MinimumVisualStudioVersion = 10.0.40219.1
Project("{FAE04EC0-301F-11D3-BF4B-00C04F79EFBC}") = "Ticket_system_window", "Ticket_system_window\Ticket_system_window.csproj", "{AFCFC0D0-EEF1-4968-B67B-EE521898BC88}"
EndProject
Global
	GlobalSection(SolutionConfigurationPlatforms) = preSolution
		Debug|Any CPU = Debug|Any CPU
		Release|Any CPU = Release|Any CPU
	EndGlobalSection
	GlobalSection(ProjectConfigurationPlatforms) = postSolution
		{AFCFC0D0-EEF1-4968-B67B-EE521898BC88}.Debug|Any CPU.ActiveCfg = Debug|Any CPU
		{AFCFC0D0-EEF1-4968-B67B-EE521898BC88}.Debug|Any CPU.Build.0 = Debug|Any CPU
		{AFCFC0D0-EEF1-4968-B67B-EE521898BC88}.Release|Any CPU.ActiveCfg = Release|Any CPU
		{AFCFC0D0-EEF1-4968-B67B-EE521898BC88}.Release|Any CPU.Build.0 = Release|Any CPU
	EndGlobalSection
	GlobalSection(SolutionProperties) = preSolution
		HideSolutionNode = FALSE
	EndGlobalSection
EndGlobal
